# THIS IS AN AUTOGENERATED FILE. DO NOT EDIT THIS FILE DIRECTLY.
# yarn lockfile v1


"@svgdotjs/svg.draggable.js@^3.0.2":
  version "3.0.2"
  resolved "https://registry.yarnpkg.com/@svgdotjs/svg.draggable.js/-/svg.draggable.js-3.0.2.tgz#a8d935ce495a40ab575e8bc11406ae61ebb4f455"
  integrity sha512-yqCJe/w1q3IK51zRiqB42rsvQHyX5oqg/Eck02TDRhRv+pQ7sSHJfdyljiGkqoFW4i/1sIpnqYmiLDeM12Nhsw==
  dependencies:
    "@svgdotjs/svg.js" "^3.0.10"

"@svgdotjs/svg.js@^3.0.10", "@svgdotjs/svg.js@^3.0.16":
  version "3.0.16"
  resolved "https://registry.yarnpkg.com/@svgdotjs/svg.js/-/svg.js-3.0.16.tgz#7044754e45daf62c8e2b115c45ca33ca5b967aff"
  integrity sha512-yZ4jfP/SeLHEnCi9PIrzienKCrA4vW9+jm5uUV3N5DG2e9zgXLY5FgywK2u8/gMFIeKO0HuqTLFFfWJj+MfMLA==
